
Microsoft Visual Studio Solution File, Format Version 12.00
# Visual Studio Version 17
VisualStudioVersion = 17.2.32616.157
MinimumVisualStudioVersion = 10.0.40219.1
Project("{FAE04EC0-301F-11D3-BF4B-00C04F79EFBC}") = "csharp-biblioteca", "csharp-biblioteca.csproj", "{C8AE7ECF-E42C-4D22-BBE5-8F7F43F8D429}"
EndProject
Global
	GlobalSection(SolutionConfigurationPlatforms) = preSolution
		Debug|Any CPU = Debug|Any CPU
		Release|Any CPU = Release|Any CPU
	EndGlobalSection
	GlobalSection(ProjectConfigurationPlatforms) = postSolution
		{C8AE7ECF-E42C-4D22-BBE5-8F7F43F8D429}.Debug|Any CPU.ActiveCfg = Debug|Any CPU
		{C8AE7ECF-E42C-4D22-BBE5-8F7F43F8D429}.Debug|Any CPU.Build.0 = Debug|Any CPU
		{C8AE7ECF-E42C-4D22-BBE5-8F7F43F8D429}.Release|Any CPU.ActiveCfg = Release|Any CPU
		{C8AE7ECF-E42C-4D22-BBE5-8F7F43F8D429}.Release|Any CPU.Build.0 = Release|Any CPU
	EndGlobalSection
	GlobalSection(SolutionProperties) = preSolution
		HideSolutionNode = FALSE
	EndGlobalSection
	GlobalSection(ExtensibilityGlobals) = postSolution
		SolutionGuid = {68DB539A-60FA-45A8-B8DC-419F3F411E86}
	EndGlobalSection
EndGlobal
